
Microsoft Visual Studio Solution File, Format Version 12.00
# Visual Studio Version 16
VisualStudioVersion = 16.0.30621.155
MinimumVisualStudioVersion = 10.0.40219.1
Project("{2150E333-8FDC-42A3-9474-1A3956D46DE8}") = "01-Data", "01-Data", "{8254182F-1E59-47E7-845C-9C80FC7A1B4C}"
EndProject
Project("{2150E333-8FDC-42A3-9474-1A3956D46DE8}") = "02-Repository", "02-Repository", "{17EE32B9-21FD-46A5-9F88-A0C5EB14D095}"
EndProject
Project("{2150E333-8FDC-42A3-9474-1A3956D46DE8}") = "03-Unit of Work", "03-Unit of Work", "{39A30485-3BAB-4FFE-B082-5F9ED917F61C}"
EndProject
Project("{2150E333-8FDC-42A3-9474-1A3956D46DE8}") = "04-Services", "04-Services", "{C7F5CC26-F4A8-4326-B88F-29A43DAA0862}"
EndProject
Project("{2150E333-8FDC-42A3-9474-1A3956D46DE8}") = "05-ApiSevices", "05-ApiSevices", "{847AC820-1E1B-452E-87C2-62A97E696D40}"
EndProject
Project("{2150E333-8FDC-42A3-9474-1A3956D46DE8}") = "06-Common", "06-Common", "{72E8D6BD-BD6F-4993-AF81-941F1D286F0E}"
EndProject
Project("{9A19103F-16F7-4668-BE54-9A1E7A4F7556}") = "Dell.POC.Repository", "Dell.POC.Repository\Dell.POC.Repository.csproj", "{5498D736-BE8E-42BF-AB39-0F768AE680E3}"
EndProject
Project("{9A19103F-16F7-4668-BE54-9A1E7A4F7556}") = "Dell.POC.UnitofWork", "Dell.POC.UnitofWork\Dell.POC.UnitofWork.csproj", "{9E65F679-28AC-4FC2-96E1-BD1D70E9556B}"
EndProject
Project("{9A19103F-16F7-4668-BE54-9A1E7A4F7556}") = "Dell.POC.Services", "Dell.POC.Business\Dell.POC.Services.csproj", "{62185257-6307-4651-8EC9-C76F21E77E93}"
EndProject
Project("{9A19103F-16F7-4668-BE54-9A1E7A4F7556}") = "Dell.POC.Common", "Dell.POC.Common\Dell.POC.Common.csproj", "{848AE9D9-BEA6-47F3-B491-F12BED534DC8}"
EndProject
Project("{9A19103F-16F7-4668-BE54-9A1E7A4F7556}") = "Dell.POC.Api", "Dell.POC.Api\Dell.POC.Api.csproj", "{9597E526-C119-40C1-903A-FF7F4BFB6C35}"
EndProject
Project("{9A19103F-16F7-4668-BE54-9A1E7A4F7556}") = "Dell.POC.Models", "Dell.POC.Models\Dell.POC.Models.csproj", "{B3D26CB0-82BE-4FB0-8843-F7DB5CECDE58}"
EndProject
Project("{9A19103F-16F7-4668-BE54-9A1E7A4F7556}") = "Dell.POC.ConfigurationSettings", "Dell.POC.ConnectionString\Dell.POC.ConfigurationSettings.csproj", "{D4DA29FE-1E78-4E8A-98DE-202A8A158005}"
EndProject
Global
	GlobalSection(SolutionConfigurationPlatforms) = preSolution
		Debug|Any CPU = Debug|Any CPU
		Release|Any CPU = Release|Any CPU
	EndGlobalSection
	GlobalSection(ProjectConfigurationPlatforms) = postSolution
		{5498D736-BE8E-42BF-AB39-0F768AE680E3}.Debug|Any CPU.ActiveCfg = Debug|Any CPU
		{5498D736-BE8E-42BF-AB39-0F768AE680E3}.Debug|Any CPU.Build.0 = Debug|Any CPU
		{5498D736-BE8E-42BF-AB39-0F768AE680E3}.Release|Any CPU.ActiveCfg = Release|Any CPU
		{5498D736-BE8E-42BF-AB39-0F768AE680E3}.Release|Any CPU.Build.0 = Release|Any CPU
		{9E65F679-28AC-4FC2-96E1-BD1D70E9556B}.Debug|Any CPU.ActiveCfg = Debug|Any CPU
		{9E65F679-28AC-4FC2-96E1-BD1D70E9556B}.Debug|Any CPU.Build.0 = Debug|Any CPU
		{9E65F679-28AC-4FC2-96E1-BD1D70E9556B}.Release|Any CPU.ActiveCfg = Release|Any CPU
		{9E65F679-28AC-4FC2-96E1-BD1D70E9556B}.Release|Any CPU.Build.0 = Release|Any CPU
		{62185257-6307-4651-8EC9-C76F21E77E93}.Debug|Any CPU.ActiveCfg = Debug|Any CPU
		{62185257-6307-4651-8EC9-C76F21E77E93}.Debug|Any CPU.Build.0 = Debug|Any CPU
		{62185257-6307-4651-8EC9-C76F21E77E93}.Release|Any CPU.ActiveCfg = Release|Any CPU
		{62185257-6307-4651-8EC9-C76F21E77E93}.Release|Any CPU.Build.0 = Release|Any CPU
		{848AE9D9-BEA6-47F3-B491-F12BED534DC8}.Debug|Any CPU.ActiveCfg = Debug|Any CPU
		{848AE9D9-BEA6-47F3-B491-F12BED534DC8}.Debug|Any CPU.Build.0 = Debug|Any CPU
		{848AE9D9-BEA6-47F3-B491-F12BED534DC8}.Release|Any CPU.ActiveCfg = Release|Any CPU
		{848AE9D9-BEA6-47F3-B491-F12BED534DC8}.Release|Any CPU.Build.0 = Release|Any CPU
		{9597E526-C119-40C1-903A-FF7F4BFB6C35}.Debug|Any CPU.ActiveCfg = Debug|Any CPU
		{9597E526-C119-40C1-903A-FF7F4BFB6C35}.Debug|Any CPU.Build.0 = Debug|Any CPU
		{9597E526-C119-40C1-903A-FF7F4BFB6C35}.Release|Any CPU.ActiveCfg = Release|Any CPU
		{9597E526-C119-40C1-903A-FF7F4BFB6C35}.Release|Any CPU.Build.0 = Release|Any CPU
		{B3D26CB0-82BE-4FB0-8843-F7DB5CECDE58}.Debug|Any CPU.ActiveCfg = Debug|Any CPU
		{B3D26CB0-82BE-4FB0-8843-F7DB5CECDE58}.Debug|Any CPU.Build.0 = Debug|Any CPU
		{B3D26CB0-82BE-4FB0-8843-F7DB5CECDE58}.Release|Any CPU.ActiveCfg = Release|Any CPU
		{B3D26CB0-82BE-4FB0-8843-F7DB5CECDE58}.Release|Any CPU.Build.0 = Release|Any CPU
		{D4DA29FE-1E78-4E8A-98DE-202A8A158005}.Debug|Any CPU.ActiveCfg = Debug|Any CPU
		{D4DA29FE-1E78-4E8A-98DE-202A8A158005}.Debug|Any CPU.Build.0 = Debug|Any CPU
		{D4DA29FE-1E78-4E8A-98DE-202A8A158005}.Release|Any CPU.ActiveCfg = Release|Any CPU
		{D4DA29FE-1E78-4E8A-98DE-202A8A158005}.Release|Any CPU.Build.0 = Release|Any CPU
	EndGlobalSection
	GlobalSection(SolutionProperties) = preSolution
		HideSolutionNode = FALSE
	EndGlobalSection
	GlobalSection(NestedProjects) = preSolution
		{5498D736-BE8E-42BF-AB39-0F768AE680E3} = {17EE32B9-21FD-46A5-9F88-A0C5EB14D095}
		{9E65F679-28AC-4FC2-96E1-BD1D70E9556B} = {39A30485-3BAB-4FFE-B082-5F9ED917F61C}
		{62185257-6307-4651-8EC9-C76F21E77E93} = {C7F5CC26-F4A8-4326-B88F-29A43DAA0862}
		{848AE9D9-BEA6-47F3-B491-F12BED534DC8} = {72E8D6BD-BD6F-4993-AF81-941F1D286F0E}
		{9597E526-C119-40C1-903A-FF7F4BFB6C35} = {847AC820-1E1B-452E-87C2-62A97E696D40}
		{B3D26CB0-82BE-4FB0-8843-F7DB5CECDE58} = {8254182F-1E59-47E7-845C-9C80FC7A1B4C}
		{D4DA29FE-1E78-4E8A-98DE-202A8A158005} = {72E8D6BD-BD6F-4993-AF81-941F1D286F0E}
	EndGlobalSection
	GlobalSection(ExtensibilityGlobals) = postSolution
		SolutionGuid = {1DD7BB6E-ABD5-41AF-ADD0-85896D6CD98A}
	EndGlobalSection
EndGlobal
